
Microsoft Visual Studio Solution File, Format Version 12.00
# Visual Studio Version 16
VisualStudioVersion = 16.0.29503.13
MinimumVisualStudioVersion = 10.0.40219.1
Project("{FAE04EC0-301F-11D3-BF4B-00C04F79EFBC}") = "Deploy.Commands", "Deploy.Commands\Deploy.Commands.csproj", "{100B4D53-BBF9-438C-9BF5-4EBDEDA9F1DC}"
EndProject
Project("{FAE04EC0-301F-11D3-BF4B-00C04F79EFBC}") = "Deploy.Queries", "Deploy.Queries\Deploy.Queries.csproj", "{AFBDF32A-1C0F-4D59-B6B0-0BF02B695613}"
EndProject
Global
	GlobalSection(SolutionConfigurationPlatforms) = preSolution
		Debug|Any CPU = Debug|Any CPU
		Release|Any CPU = Release|Any CPU
	EndGlobalSection
	GlobalSection(ProjectConfigurationPlatforms) = postSolution
		{100B4D53-BBF9-438C-9BF5-4EBDEDA9F1DC}.Debug|Any CPU.ActiveCfg = Debug|Any CPU
		{100B4D53-BBF9-438C-9BF5-4EBDEDA9F1DC}.Debug|Any CPU.Build.0 = Debug|Any CPU
		{100B4D53-BBF9-438C-9BF5-4EBDEDA9F1DC}.Release|Any CPU.ActiveCfg = Release|Any CPU
		{100B4D53-BBF9-438C-9BF5-4EBDEDA9F1DC}.Release|Any CPU.Build.0 = Release|Any CPU
		{AFBDF32A-1C0F-4D59-B6B0-0BF02B695613}.Debug|Any CPU.ActiveCfg = Debug|Any CPU
		{AFBDF32A-1C0F-4D59-B6B0-0BF02B695613}.Debug|Any CPU.Build.0 = Debug|Any CPU
		{AFBDF32A-1C0F-4D59-B6B0-0BF02B695613}.Release|Any CPU.ActiveCfg = Release|Any CPU
		{AFBDF32A-1C0F-4D59-B6B0-0BF02B695613}.Release|Any CPU.Build.0 = Release|Any CPU
	EndGlobalSection
	GlobalSection(SolutionProperties) = preSolution
		HideSolutionNode = FALSE
	EndGlobalSection
	GlobalSection(ExtensibilityGlobals) = postSolution
		SolutionGuid = {9BB1173B-2978-463B-B2CE-CEAFFA4B531C}
	EndGlobalSection
EndGlobal
